
Microsoft Visual Studio Solution File, Format Version 12.00
# Visual Studio Version 16
VisualStudioVersion = 16.0.32002.261
MinimumVisualStudioVersion = 10.0.40219.1
Project("{FAE04EC0-301F-11D3-BF4B-00C04F79EFBC}") = "KiwiMod_PortableMirror", "KiwiMod_PortableMirror\KiwiMod_PortableMirror.csproj", "{CE8FF7B1-9C90-4C04-B0C3-1BFA18F57EB8}"
EndProject
Global
	GlobalSection(SolutionConfigurationPlatforms) = preSolution
		Debug|Any CPU = Debug|Any CPU
		Release|Any CPU = Release|Any CPU
	EndGlobalSection
	GlobalSection(ProjectConfigurationPlatforms) = postSolution
		{CE8FF7B1-9C90-4C04-B0C3-1BFA18F57EB8}.Debug|Any CPU.ActiveCfg = Release|Any CPU
		{CE8FF7B1-9C90-4C04-B0C3-1BFA18F57EB8}.Debug|Any CPU.Build.0 = Release|Any CPU
		{CE8FF7B1-9C90-4C04-B0C3-1BFA18F57EB8}.Release|Any CPU.ActiveCfg = Release|Any CPU
		{CE8FF7B1-9C90-4C04-B0C3-1BFA18F57EB8}.Release|Any CPU.Build.0 = Release|Any CPU
	EndGlobalSection
	GlobalSection(SolutionProperties) = preSolution
		HideSolutionNode = FALSE
	EndGlobalSection
	GlobalSection(ExtensibilityGlobals) = postSolution
		SolutionGuid = {F2EC3EB1-F181-45AF-976D-6EC926BC1234}
	EndGlobalSection
EndGlobal
